
Microsoft Visual Studio Solution File, Format Version 12.00
# Visual Studio Version 16
VisualStudioVersion = 16.0.32802.440
MinimumVisualStudioVersion = 10.0.40219.1
Project("{8BC9CEB8-8B4A-11D0-8D11-00A0C91BC942}") = "Cards", "Cards\Cards.vcxproj", "{DDAC5FD1-494A-44D8-A12C-3DAD0765CBDC}"
EndProject
Global
	GlobalSection(SolutionConfigurationPlatforms) = preSolution
		Debug|x64 = Debug|x64
		Debug|x86 = Debug|x86
		Release|x64 = Release|x64
		Release|x86 = Release|x86
	EndGlobalSection
	GlobalSection(ProjectConfigurationPlatforms) = postSolution
		{DDAC5FD1-494A-44D8-A12C-3DAD0765CBDC}.Debug|x64.ActiveCfg = Debug|x64
		{DDAC5FD1-494A-44D8-A12C-3DAD0765CBDC}.Debug|x64.Build.0 = Debug|x64
		{DDAC5FD1-494A-44D8-A12C-3DAD0765CBDC}.Debug|x86.ActiveCfg = Debug|Win32
		{DDAC5FD1-494A-44D8-A12C-3DAD0765CBDC}.Debug|x86.Build.0 = Debug|Win32
		{DDAC5FD1-494A-44D8-A12C-3DAD0765CBDC}.Release|x64.ActiveCfg = Release|x64
		{DDAC5FD1-494A-44D8-A12C-3DAD0765CBDC}.Release|x64.Build.0 = Release|x64
		{DDAC5FD1-494A-44D8-A12C-3DAD0765CBDC}.Release|x86.ActiveCfg = Release|Win32
		{DDAC5FD1-494A-44D8-A12C-3DAD0765CBDC}.Release|x86.Build.0 = Release|Win32
	EndGlobalSection
	GlobalSection(SolutionProperties) = preSolution
		HideSolutionNode = FALSE
	EndGlobalSection
	GlobalSection(ExtensibilityGlobals) = postSolution
		SolutionGuid = {86128566-5C4F-4987-8232-CE1A57B27737}
	EndGlobalSection
EndGlobal
